dependencies:
- name: gitea
  repository: https://dl.gitea.com/charts/
  version: 10.6.0
- name: secret-store
  repository: oci://harbor.k3s0.ujstor.com/helm
  version: 1.0.0
digest: sha256:782bd2d4d55b831dcdc8445536000d97988b4f5bdac6b08c13edd07a8e2fba70
generated: "2025-02-08T23:23:38.857372812+01:00"
