dependencies:
- name: plausible-analytics
  repository: https://imio.github.io/helm-charts
  version: 0.3.3
- name: secret-store
  repository: oci://harbor.k3s0.ujstor.com/helm
  version: 1.0.0
digest: sha256:078dee439d6386e3a4c415b08ff4876325b65e600e58a7e4228766709cd2f1cf
generated: "2025-02-08T23:31:34.214309397+01:00"
