dependencies:
- name: gitlab-runner
  repository: https://charts.gitlab.io
  version: 0.73.3
- name: gitlab-runner
  repository: https://charts.gitlab.io
  version: 0.73.3
digest: sha256:ba724bf45b599a8e447657ec5816aa79ece95776811979c4b00c85d7cdae821f
generated: "2025-02-09T21:46:09.64096815+01:00"
