dependencies:
- name: harbor
  repository: https://helm.goharbor.io
  version: 1.16.0
- name: minio-tenant
  repository: https://ujstor.github.io/helm-charts-system
  version: 1.1.0
digest: sha256:5057df54baf11fbbee232cf50a492846442453ff723e08f72a72829744aabd81
generated: "2024-12-14T18:16:30.989432134+01:00"
